// !$*UTF8*$!
{
	archiveVersion = 1;
	classes = {
	};
	objectVersion = 56;
	objects = {

/* Begin PBXBuildFile section */
		2912A8C92B99F4EB00D7B93C /* AppDelegate.swift in Sources */ = {isa = PBXBuildFile; fileRef = 2912A8C82B99F4EB00D7B93C /* AppDelegate.swift */; };
		2912A8CB2B99F4EB00D7B93C /* SceneDelegate.swift in Sources */ = {isa = PBXBuildFile; fileRef = 2912A8CA2B99F4EB00D7B93C /* SceneDelegate.swift */; };
		2912A8CD2B99F4EB00D7B93C /* ViewController.swift in Sources */ = {isa = PBXBuildFile; fileRef = 2912A8CC2B99F4EB00D7B93C /* ViewController.swift */; };
		2912A8D02B99F4EB00D7B93C /* Base in Resources */ = {isa = PBXBuildFile; fileRef = 2912A8CF2B99F4EB00D7B93C /* Base */; };
		2912A8D22B99F4EC00D7B93C /* Assets.xcassets in Resources */ = {isa = PBXBuildFile; fileRef = 2912A8D12B99F4EC00D7B93C /* Assets.xcassets */; };
		2912A8D52B99F4EC00D7B93C /* Base in Resources */ = {isa = PBXBuildFile; fileRef = 2912A8D42B99F4EC00D7B93C /* Base */; };
		2912A8DD2B9B3B2100D7B93C /* PageViewController.swift in Sources */ = {isa = PBXBuildFile; fileRef = 2912A8DC2B9B3B2100D7B93C /* PageViewController.swift */; };
		2912A8DF2B9B47DA00D7B93C /* GreenViewController.swift in Sources */ = {isa = PBXBuildFile; fileRef = 2912A8DE2B9B47DA00D7B93C /* GreenViewController.swift */; };
/* End PBXBuildFile section */

/* Begin PBXFileReference section */
		2912A8C52B99F4EB00D7B93C /* ProjectViews.app */ = {isa = PBXFileReference; explicitFileType = wrapper.application; includeInIndex = 0; path = ProjectViews.app; sourceTree = BUILT_PRODUCTS_DIR; };
		2912A8C82B99F4EB00D7B93C /* AppDelegate.swift */ = {isa = PBXFileReference; lastKnownFileType = sourcecode.swift; path = AppDelegate.swift; sourceTree = "<group>"; };
		2912A8CA2B99F4EB00D7B93C /* SceneDelegate.swift */ = {isa = PBXFileReference; lastKnownFileType = sourcecode.swift; path = SceneDelegate.swift; sourceTree = "<group>"; };
		2912A8CC2B99F4EB00D7B93C /* ViewController.swift */ = {isa = PBXFileReference; lastKnownFileType = sourcecode.swift; path = ViewController.swift; sourceTree = "<group>"; };
		2912A8CF2B99F4EB00D7B93C /* Base */ = {isa = PBXFileReference; lastKnownFileType = file.storyboard; name = Base; path = Base.lproj/Main.storyboard; sourceTree = "<group>"; };
		2912A8D12B99F4EC00D7B93C /* Assets.xcassets */ = {isa = PBXFileReference; lastKnownFileType = folder.assetcatalog; path = Assets.xcassets; sourceTree = "<group>"; };
		2912A8D42B99F4EC00D7B93C /* Base */ = {isa = PBXFileReference; lastKnownFileType = file.storyboard; name = Base; path = Base.lproj/LaunchScreen.storyboard; sourceTree = "<group>"; };
		2912A8D62B99F4EC00D7B93C /* Info.plist */ = {isa = PBXFileReference; lastKnownFileType = text.plist.xml; path = Info.plist; sourceTree = "<group>"; };
		2912A8DC2B9B3B2100D7B93C /* PageViewController.swift */ = {isa = PBXFileReference; lastKnownFileType = sourcecode.swift; path = PageViewController.swift; sourceTree = "<group>"; };
		2912A8DE2B9B47DA00D7B93C /* GreenViewController.swift */ = {isa = PBXFileReference; lastKnownFileType = sourcecode.swift; path = GreenViewController.swift; sourceTree = "<group>"; };
/* End PBXFileReference section */

/* Begin PBXFrameworksBuildPhase section */
		2912A8C22B99F4EB00D7B93C /* Frameworks */ = {
			isa = PBXFrameworksBuildPhase;
			buildActionMask = 2147483647;
			files = (
			);
			runOnlyForDeploymentPostprocessing = 0;
		};
/* End PBXFrameworksBuildPhase section */

/* Begin PBXGroup section */
		2912A8BC2B99F4EB00D7B93C = {
			isa = PBXGroup;
			children = (
				2912A8C72B99F4EB00D7B93C /* ProjectViews */,
				2912A8C62B99F4EB00D7B93C /* Products */,
			);
			sourceTree = "<group>";
		};
		2912A8C62B99F4EB00D7B93C /* Products */ = {
			isa = PBXGroup;
			children = (
				2912A8C52B99F4EB00D7B93C /* ProjectViews.app */,
			);
			name = Products;
			sourceTree = "<group>";
		};
		2912A8C72B99F4EB00D7B93C /* ProjectViews */ = {
			isa = PBXGroup;
			children = (
				2912A8C82B99F4EB00D7B93C /* AppDelegate.swift */,
				2912A8CA2B99F4EB00D7B93C /* SceneDelegate.swift */,
				2912A8CC2B99F4EB00D7B93C /* ViewController.swift */,
				2912A8CE2B99F4EB00D7B93C /* Main.storyboard */,
				2912A8D12B99F4EC00D7B93C /* Assets.xcassets */,
				2912A8D32B99F4EC00D7B93C /* LaunchScreen.storyboard */,
				2912A8D62B99F4EC00D7B93C /* Info.plist */,
				2912A8DC2B9B3B2100D7B93C /* PageViewController.swift */,
				2912A8DE2B9B47DA00D7B93C /* GreenViewController.swift */,
			);
			path = ProjectViews;
			sourceTree = "<group>";
		};
/* End PBXGroup section */

/* Begin PBXNativeTarget section */
		2912A8C42B99F4EB00D7B93C /* ProjectViews */ = {
			isa = PBXNativeTarget;
			buildConfigurationList = 2912A8D92B99F4EC00D7B93C /* Build configuration list for PBXNativeTarget "ProjectViews" */;
			buildPhases = (
				2912A8C12B99F4EB00D7B93C /* Sources */,
				2912A8C22B99F4EB00D7B93C /* Frameworks */,
				2912A8C32B99F4EB00D7B93C /* Resources */,
			);
			buildRules = (
			);
			dependencies = (
			);
			name = ProjectViews;
			productName = ProjectViews;
			productReference = 2912A8C52B99F4EB00D7B93C /* ProjectViews.app */;
			productType = "com.apple.product-type.application";
		};
/* End PBXNativeTarget section */

/* Begin PBXProject section */
		2912A8BD2B99F4EB00D7B93C /* Project object */ = {
			isa = PBXProject;
			attributes = {
				BuildIndependentTargetsInParallel = 1;
				LastSwiftUpdateCheck = 1530;
				LastUpgradeCheck = 1530;
				TargetAttributes = {
					2912A8C42B99F4EB00D7B93C = {
						CreatedOnToolsVersion = 15.3;
					};
				};
			};
			buildConfigurationList = 2912A8C02B99F4EB00D7B93C /* Build configuration list for PBXProject "ProjectViews" */;
			compatibilityVersion = "Xcode 14.0";
			developmentRegion = en;
			hasScannedForEncodings = 0;
			knownRegions = (
				en,
				Base,
			);
			mainGroup = 2912A8BC2B99F4EB00D7B93C;
			productRefGroup = 2912A8C62B99F4EB00D7B93C /* Products */;
			projectDirPath = "";
			projectRoot = "";
			targets = (
				2912A8C42B99F4EB00D7B93C /* ProjectViews */,
			);
		};
/* End PBXProject section */

/* Begin PBXResourcesBuildPhase section */
		2912A8C32B99F4EB00D7B93C /* Resources */ = {
			isa = PBXResourcesBuildPhase;
			buildActionMask = 2147483647;
			files = (
				2912A8D22B99F4EC00D7B93C /* Assets.xcassets in Resources */,
				2912A8D52B99F4EC00D7B93C /* Base in Resources */,
				2912A8D02B99F4EB00D7B93C /* Base in Resources */,
			);
			runOnlyForDeploymentPostprocessing = 0;
		};
/* End PBXResourcesBuildPhase section */

/* Begin PBXSourcesBuildPhase section */
		2912A8C12B99F4EB00D7B93C /* Sources */ = {
			isa = PBXSourcesBuildPhase;
			buildActionMask = 2147483647;
			files = (
				2912A8CD2B99F4EB00D7B93C /* ViewController.swift in Sources */,
				2912A8C92B99F4EB00D7B93C /* AppDelegate.swift in Sources */,
				2912A8CB2B99F4EB00D7B93C /* SceneDelegate.swift in Sources */,
				2912A8DD2B9B3B2100D7B93C /* PageViewController.swift in Sources */,
				2912A8DF2B9B47DA00D7B93C /* GreenViewController.swift in Sources */,
			);
			runOnlyForDeploymentPostprocessing = 0;
		};
/* End PBXSourcesBuildPhase section */

/* Begin PBXVariantGroup section */
		2912A8CE2B99F4EB00D7B93C /* Main.storyboard */ = {
			isa = PBXVariantGroup;
			children = (
				2912A8CF2B99F4EB00D7B93C /* Base */,
			);
			name = Main.storyboard;
			sourceTree = "<group>";
		};
		2912A8D32B99F4EC00D7B93C /* LaunchScreen.storyboard */ = {
			isa = PBXVariantGroup;
			children = (
				2912A8D42B99F4EC00D7B93C /* Base */,
			);
			name = LaunchScreen.storyboard;
			sourceTree = "<group>";
		};
/* End PBXVariantGroup section */

/* Begin XCBuildConfiguration section */
		2912A8D72B99F4EC00D7B93C /* Debug */ = {
			isa = XCBuildConfiguration;
			buildSettings = {
				ALWAYS_SEARCH_USER_PATHS = NO;
				ASSETCATALOG_COMPILER_GENERATE_SWIFT_ASSET_SYMBOL_EXTENSIONS = YES;
				CLANG_ANALYZER_NONNULL = YES;
				CLANG_ANALYZER_NUMBER_OBJECT_CONVERSION = YES_AGGRESSIVE;
				CLANG_CXX_LANGUAGE_STANDARD = "gnu++20";
				CLANG_ENABLE_MODULES = YES;
				CLANG_ENABLE_OBJC_ARC = YES;
				CLANG_ENABLE_OBJC_WEAK = YES;
				CLANG_WARN_BLOCK_CAPTURE_AUTORELEASING = YES;
				CLANG_WARN_BOOL_CONVERSION = YES;
				CLANG_WARN_COMMA = YES;
				CLANG_WARN_CONSTANT_CONVERSION = YES;
				CLANG_WARN_DEPRECATED_OBJC_IMPLEMENTATIONS = YES;
				CLANG_WARN_DIRECT_OBJC_ISA_USAGE = YES_ERROR;
				CLANG_WARN_DOCUMENTATION_COMMENTS = YES;
				CLANG_WARN_EMPTY_BODY = YES;
				CLANG_WARN_ENUM_CONVERSION = YES;
				CLANG_WARN_INFINITE_RECURSION = YES;
				CLANG_WARN_INT_CONVERSION = YES;
				CLANG_WARN_NON_LITERAL_NULL_CONVERSION = YES;
				CLANG_WARN_OBJC_IMPLICIT_RETAIN_SELF = YES;
				CLANG_WARN_OBJC_LITERAL_CONVERSION = YES;
				CLANG_WARN_OBJC_ROOT_CLASS = YES_ERROR;
				CLANG_WARN_QUOTED_INCLUDE_IN_FRAMEWORK_HEADER = YES;
				CLANG_WARN_RANGE_LOOP_ANALYSIS = YES;
				CLANG_WARN_STRICT_PROTOTYPES = YES;
				CLANG_WARN_SUSPICIOUS_MOVE = YES;
				CLANG_WARN_UNGUARDED_AVAILABILITY = YES_AGGRESSIVE;
				CLANG_WARN_UNREACHABLE_CODE = YES;
				CLANG_WARN__DUPLICATE_METHOD_MATCH = YES;
				COPY_PHASE_STRIP = NO;
				DEBUG_INFORMATION_FORMAT = dwarf;
				ENABLE_STRICT_OBJC_MSGSEND = YES;
				ENABLE_TESTABILITY = YES;
				ENABLE_USER_SCRIPT_SANDBOXING = YES;
				GCC_C_LANGUAGE_STANDARD = gnu17;
				GCC_DYNAMIC_NO_PIC = NO;
				GCC_NO_COMMON_BLOCKS = YES;
				GCC_OPTIMIZATION_LEVEL = 0;
				GCC_PREPROCESSOR_DEFINITIONS = (
					"DEBUG=1",
					"$(inherited)",
				);
				GCC_WARN_64_TO_32_BIT_CONVERSION = YES;
				GCC_WARN_ABOUT_RETURN_TYPE = YES_ERROR;
				GCC_WARN_UNDECLARED_SELECTOR = YES;
				GCC_WARN_UNINITIALIZED_AUTOS = YES_AGGRESSIVE;
				GCC_WARN_UNUSED_FUNCTION = YES;
				GCC_WARN_UNUSED_VARIABLE = YES;
				IPHONEOS_DEPLOYMENT_TARGET = 17.4;
				LOCALIZATION_PREFERS_STRING_CATALOGS = YES;
				MTL_ENABLE_DEBUG_INFO = INCLUDE_SOURCE;
				MTL_FAST_MATH = YES;
				ONLY_ACTIVE_ARCH = YES;
				SDKROOT = iphoneos;
				SWIFT_ACTIVE_COMPILATION_CONDITIONS = "DEBUG $(inherited)";
				SWIFT_OPTIMIZATION_LEVEL = "-Onone";
			};
			name = Debug;
		};
		2912A8D82B99F4EC00D7B93C /* Release */ = {
			isa = XCBuildConfiguration;
			buildSettings = {
				ALWAYS_SEARCH_USER_PATHS = NO;
				ASSETCATALOG_COMPILER_GENERATE_SWIFT_ASSET_SYMBOL_EXTENSIONS = YES;
				CLANG_ANALYZER_NONNULL = YES;
				CLANG_ANALYZER_NUMBER_OBJECT_CONVERSION = YES_AGGRESSIVE;
				CLANG_CXX_LANGUAGE_STANDARD = "gnu++20";
				CLANG_ENABLE_MODULES = YES;
				CLANG_ENABLE_OBJC_ARC = YES;
				CLANG_ENABLE_OBJC_WEAK = YES;
				CLANG_WARN_BLOCK_CAPTURE_AUTORELEASING = YES;
				CLANG_WARN_BOOL_CONVERSION = YES;
				CLANG_WARN_COMMA = YES;
				CLANG_WARN_CONSTANT_CONVERSION = YES;
				CLANG_WARN_DEPRECATED_OBJC_IMPLEMENTATIONS = YES;
				CLANG_WARN_DIRECT_OBJC_ISA_USAGE = YES_ERROR;
				CLANG_WARN_DOCUMENTATION_COMMENTS = YES;
				CLANG_WARN_EMPTY_BODY = YES;
				CLANG_WARN_ENUM_CONVERSION = YES;
				CLANG_WARN_INFINITE_RECURSION = YES;
				CLANG_WARN_INT_CONVERSION = YES;
				CLANG_WARN_NON_LITERAL_NULL_CONVERSION = YES;
				CLANG_WARN_OBJC_IMPLICIT_RETAIN_SELF = YES;
				CLANG_WARN_OBJC_LITERAL_CONVERSION = YES;
				CLANG_WARN_OBJC_ROOT_CLASS = YES_ERROR;
				CLANG_WARN_QUOTED_INCLUDE_IN_FRAMEWORK_HEADER = YES;
				CLANG_WARN_RANGE_LOOP_ANALYSIS = YES;
				CLANG_WARN_STRICT_PROTOTYPES = YES;
				CLANG_WARN_SUSPICIOUS_MOVE = YES;
				CLANG_WARN_UNGUARDED_AVAILABILITY = YES_AGGRESSIVE;
				CLANG_WARN_UNREACHABLE_CODE = YES;
				CLANG_WARN__DUPLICATE_METHOD_MATCH = YES;
				COPY_PHASE_STRIP = NO;
				DEBUG_INFORMATION_FORMAT = "dwarf-with-dsym";
				ENABLE_NS_ASSERTIONS = NO;
				ENABLE_STRICT_OBJC_MSGSEND = YES;
				ENABLE_USER_SCRIPT_SANDBOXING = YES;
				GCC_C_LANGUAGE_STANDARD = gnu17;
				GCC_NO_COMMON_BLOCKS = YES;
				GCC_WARN_64_TO_32_BIT_CONVERSION = YES;
				GCC_WARN_ABOUT_RETURN_TYPE = YES_ERROR;
				GCC_WARN_UNDECLARED_SELECTOR = YES;
				GCC_WARN_UNINITIALIZED_AUTOS = YES_AGGRESSIVE;
				GCC_WARN_UNUSED_FUNCTION = YES;
				GCC_WARN_UNUSED_VARIABLE = YES;
				IPHONEOS_DEPLOYMENT_TARGET = 17.4;
				LOCALIZATION_PREFERS_STRING_CATALOGS = YES;
				MTL_ENABLE_DEBUG_INFO = NO;
				MTL_FAST_MATH = YES;
				SDKROOT = iphoneos;
				SWIFT_COMPILATION_MODE = wholemodule;
				VALIDATE_PRODUCT = YES;
			};
			name = Release;
		};
		2912A8DA2B99F4EC00D7B93C /* Debug */ = {
			isa = XCBuildConfiguration;
			buildSettings = {
				ASSETCATALOG_COMPILER_APPICON_NAME = AppIcon;
				ASSETCATALOG_COMPILER_GLOBAL_ACCENT_COLOR_NAME = AccentColor;
				CODE_SIGN_STYLE = Automatic;
				CURRENT_PROJECT_VERSION = 1;
				DEVELOPMENT_TEAM = ZAT3ZA52YY;
				GENERATE_INFOPLIST_FILE = YES;
				INFOPLIST_FILE = ProjectViews/Info.plist;
				INFOPLIST_KEY_UIApplicationSupportsIndirectInputEvents = YES;
				INFOPLIST_KEY_UILaunchStoryboardName = LaunchScreen;
				INFOPLIST_KEY_UIMainStoryboardFile = Main;
				INFOPLIST_KEY_UISupportedInterfaceOrientations_iPad = "UIInterfaceOrientationPortrait UIInterfaceOrientationPortraitUpsideDown UIInterfaceOrientationLandscapeLeft UIInterfaceOrientationLandscapeRight";
				INFOPLIST_KEY_UISupportedInterfaceOrientations_iPhone = "UIInterfaceOrientationPortrait UIInterfaceOrientationLandscapeLeft UIInterfaceOrientationLandscapeRight";
				LD_RUNPATH_SEARCH_PATHS = (
					"$(inherited)",
					"@executable_path/Frameworks",
				);
				MARKETING_VERSION = 1.0;
				PRODUCT_BUNDLE_IDENTIFIER = com.villarreal.ProjectViews;
				PRODUCT_NAME = "$(TARGET_NAME)";
				SWIFT_EMIT_LOC_STRINGS = YES;
				SWIFT_VERSION = 5.0;
				TARGETED_DEVICE_FAMILY = "1,2";
			};
			name = Debug;
		};
		2912A8DB2B99F4EC00D7B93C /* Release */ = {
			isa = XCBuildConfiguration;
			buildSettings = {
				ASSETCATALOG_COMPILER_APPICON_NAME = AppIcon;
				ASSETCATALOG_COMPILER_GLOBAL_ACCENT_COLOR_NAME = AccentColor;
				CODE_SIGN_STYLE = Automatic;
				CURRENT_PROJECT_VERSION = 1;
				DEVELOPMENT_TEAM = ZAT3ZA52YY;
				GENERATE_INFOPLIST_FILE = YES;
				INFOPLIST_FILE = ProjectViews/Info.plist;
				INFOPLIST_KEY_UIApplicationSupportsIndirectInputEvents = YES;
				INFOPLIST_KEY_UILaunchStoryboardName = LaunchScreen;
				INFOPLIST_KEY_UIMainStoryboardFile = Main;
				INFOPLIST_KEY_UISupportedInterfaceOrientations_iPad = "UIInterfaceOrientationPortrait UIInterfaceOrientationPortraitUpsideDown UIInterfaceOrientationLandscapeLeft UIInterfaceOrientationLandscapeRight";
				INFOPLIST_KEY_UISupportedInterfaceOrientations_iPhone = "UIInterfaceOrientationPortrait UIInterfaceOrientationLandscapeLeft UIInterfaceOrientationLandscapeRight";
				LD_RUNPATH_SEARCH_PATHS = (
					"$(inherited)",
					"@executable_path/Frameworks",
				);
				MARKETING_VERSION = 1.0;
				PRODUCT_BUNDLE_IDENTIFIER = com.villarreal.ProjectViews;
				PRODUCT_NAME = "$(TARGET_NAME)";
				SWIFT_EMIT_LOC_STRINGS = YES;
				SWIFT_VERSION = 5.0;
				TARGETED_DEVICE_FAMILY = "1,2";
			};
			name = Release;
		};
/* End XCBuildConfiguration section */

/* Begin XCConfigurationList section */
		2912A8C02B99F4EB00D7B93C /* Build configuration list for PBXProject "ProjectViews" */ = {
			isa = XCConfigurationList;
			buildConfigurations = (
				2912A8D72B99F4EC00D7B93C /* Debug */,
				2912A8D82B99F4EC00D7B93C /* Release */,
			);
			defaultConfigurationIsVisible = 0;
			defaultConfigurationName = Release;
		};
		2912A8D92B99F4EC00D7B93C /* Build configuration list for PBXNativeTarget "ProjectViews" */ = {
			isa = XCConfigurationList;
			buildConfigurations = (
				2912A8DA2B99F4EC00D7B93C /* Debug */,
				2912A8DB2B99F4EC00D7B93C /* Release */,
			);
			defaultConfigurationIsVisible = 0;
			defaultConfigurationName = Release;
		};
/* End XCConfigurationList section */
	};
	rootObject = 2912A8BD2B99F4EB00D7B93C /* Project object */;
}
