// !$*UTF8*$!
{
	archiveVersion = 1;
	classes = {
	};
	objectVersion = 56;
	objects = {

/* Begin PBXBuildFile section */
		297FE47F2BACEA10008F6908 /* AppDelegate.swift in Sources */ = {isa = PBXBuildFile; fileRef = 297FE47E2BACEA10008F6908 /* AppDelegate.swift */; };
		297FE4812BACEA10008F6908 /* SceneDelegate.swift in Sources */ = {isa = PBXBuildFile; fileRef = 297FE4802BACEA10008F6908 /* SceneDelegate.swift */; };
		297FE4832BACEA10008F6908 /* ViewController.swift in Sources */ = {isa = PBXBuildFile; fileRef = 297FE4822BACEA10008F6908 /* ViewController.swift */; };
		297FE4862BACEA10008F6908 /* Base in Resources */ = {isa = PBXBuildFile; fileRef = 297FE4852BACEA10008F6908 /* Base */; };
		297FE4892BACEA10008F6908 /* testCoreData.xcdatamodeld in Sources */ = {isa = PBXBuildFile; fileRef = 297FE4872BACEA10008F6908 /* testCoreData.xcdatamodeld */; };
		297FE48B2BACEA11008F6908 /* Assets.xcassets in Resources */ = {isa = PBXBuildFile; fileRef = 297FE48A2BACEA11008F6908 /* Assets.xcassets */; };
		297FE48E2BACEA11008F6908 /* Base in Resources */ = {isa = PBXBuildFile; fileRef = 297FE48D2BACEA11008F6908 /* Base */; };
		297FE4972BAD9DD1008F6908 /* ElementoLista+CoreDataClass.swift in Sources */ = {isa = PBXBuildFile; fileRef = 297FE4952BAD9DD1008F6908 /* ElementoLista+CoreDataClass.swift */; };
		297FE4982BAD9DD1008F6908 /* ElementoLista+CoreDataProperties.swift in Sources */ = {isa = PBXBuildFile; fileRef = 297FE4962BAD9DD1008F6908 /* ElementoLista+CoreDataProperties.swift */; };
/* End PBXBuildFile section */

/* Begin PBXFileReference section */
		297FE47B2BACEA10008F6908 /* testCoreData.app */ = {isa = PBXFileReference; explicitFileType = wrapper.application; includeInIndex = 0; path = testCoreData.app; sourceTree = BUILT_PRODUCTS_DIR; };
		297FE47E2BACEA10008F6908 /* AppDelegate.swift */ = {isa = PBXFileReference; lastKnownFileType = sourcecode.swift; path = AppDelegate.swift; sourceTree = "<group>"; };
		297FE4802BACEA10008F6908 /* SceneDelegate.swift */ = {isa = PBXFileReference; lastKnownFileType = sourcecode.swift; path = SceneDelegate.swift; sourceTree = "<group>"; };
		297FE4822BACEA10008F6908 /* ViewController.swift */ = {isa = PBXFileReference; lastKnownFileType = sourcecode.swift; path = ViewController.swift; sourceTree = "<group>"; };
		297FE4852BACEA10008F6908 /* Base */ = {isa = PBXFileReference; lastKnownFileType = file.storyboard; name = Base; path = Base.lproj/Main.storyboard; sourceTree = "<group>"; };
		297FE4882BACEA10008F6908 /* testCoreData.xcdatamodel */ = {isa = PBXFileReference; lastKnownFileType = wrapper.xcdatamodel; path = testCoreData.xcdatamodel; sourceTree = "<group>"; };
		297FE48A2BACEA11008F6908 /* Assets.xcassets */ = {isa = PBXFileReference; lastKnownFileType = folder.assetcatalog; path = Assets.xcassets; sourceTree = "<group>"; };
		297FE48D2BACEA11008F6908 /* Base */ = {isa = PBXFileReference; lastKnownFileType = file.storyboard; name = Base; path = Base.lproj/LaunchScreen.storyboard; sourceTree = "<group>"; };
		297FE48F2BACEA11008F6908 /* Info.plist */ = {isa = PBXFileReference; lastKnownFileType = text.plist.xml; path = Info.plist; sourceTree = "<group>"; };
		297FE4952BAD9DD1008F6908 /* ElementoLista+CoreDataClass.swift */ = {isa = PBXFileReference; lastKnownFileType = sourcecode.swift; path = "ElementoLista+CoreDataClass.swift"; sourceTree = "<group>"; };
		297FE4962BAD9DD1008F6908 /* ElementoLista+CoreDataProperties.swift */ = {isa = PBXFileReference; lastKnownFileType = sourcecode.swift; path = "ElementoLista+CoreDataProperties.swift"; sourceTree = "<group>"; };
/* End PBXFileReference section */

/* Begin PBXFrameworksBuildPhase section */
		297FE4782BACEA10008F6908 /* Frameworks */ = {
			isa = PBXFrameworksBuildPhase;
			buildActionMask = 2147483647;
			files = (
			);
			runOnlyForDeploymentPostprocessing = 0;
		};
/* End PBXFrameworksBuildPhase section */

/* Begin PBXGroup section */
		297FE4722BACEA10008F6908 = {
			isa = PBXGroup;
			children = (
				297FE47D2BACEA10008F6908 /* testCoreData */,
				297FE47C2BACEA10008F6908 /* Products */,
			);
			sourceTree = "<group>";
		};
		297FE47C2BACEA10008F6908 /* Products */ = {
			isa = PBXGroup;
			children = (
				297FE47B2BACEA10008F6908 /* testCoreData.app */,
			);
			name = Products;
			sourceTree = "<group>";
		};
		297FE47D2BACEA10008F6908 /* testCoreData */ = {
			isa = PBXGroup;
			children = (
				297FE4992BAD9E5F008F6908 /* Model */,
				297FE47E2BACEA10008F6908 /* AppDelegate.swift */,
				297FE4802BACEA10008F6908 /* SceneDelegate.swift */,
				297FE4822BACEA10008F6908 /* ViewController.swift */,
				297FE4842BACEA10008F6908 /* Main.storyboard */,
				297FE48A2BACEA11008F6908 /* Assets.xcassets */,
				297FE48C2BACEA11008F6908 /* LaunchScreen.storyboard */,
				297FE48F2BACEA11008F6908 /* Info.plist */,
				297FE4872BACEA10008F6908 /* testCoreData.xcdatamodeld */,
			);
			path = testCoreData;
			sourceTree = "<group>";
		};
		297FE4992BAD9E5F008F6908 /* Model */ = {
			isa = PBXGroup;
			children = (
				297FE4962BAD9DD1008F6908 /* ElementoLista+CoreDataProperties.swift */,
				297FE4952BAD9DD1008F6908 /* ElementoLista+CoreDataClass.swift */,
			);
			path = Model;
			sourceTree = "<group>";
		};
/* End PBXGroup section */

/* Begin PBXNativeTarget section */
		297FE47A2BACEA10008F6908 /* testCoreData */ = {
			isa = PBXNativeTarget;
			buildConfigurationList = 297FE4922BACEA11008F6908 /* Build configuration list for PBXNativeTarget "testCoreData" */;
			buildPhases = (
				297FE4772BACEA10008F6908 /* Sources */,
				297FE4782BACEA10008F6908 /* Frameworks */,
				297FE4792BACEA10008F6908 /* Resources */,
			);
			buildRules = (
			);
			dependencies = (
			);
			name = testCoreData;
			productName = testCoreData;
			productReference = 297FE47B2BACEA10008F6908 /* testCoreData.app */;
			productType = "com.apple.product-type.application";
		};
/* End PBXNativeTarget section */

/* Begin PBXProject section */
		297FE4732BACEA10008F6908 /* Project object */ = {
			isa = PBXProject;
			attributes = {
				BuildIndependentTargetsInParallel = 1;
				LastSwiftUpdateCheck = 1530;
				LastUpgradeCheck = 1530;
				TargetAttributes = {
					297FE47A2BACEA10008F6908 = {
						CreatedOnToolsVersion = 15.3;
					};
				};
			};
			buildConfigurationList = 297FE4762BACEA10008F6908 /* Build configuration list for PBXProject "testCoreData" */;
			compatibilityVersion = "Xcode 14.0";
			developmentRegion = en;
			hasScannedForEncodings = 0;
			knownRegions = (
				en,
				Base,
			);
			mainGroup = 297FE4722BACEA10008F6908;
			productRefGroup = 297FE47C2BACEA10008F6908 /* Products */;
			projectDirPath = "";
			projectRoot = "";
			targets = (
				297FE47A2BACEA10008F6908 /* testCoreData */,
			);
		};
/* End PBXProject section */

/* Begin PBXResourcesBuildPhase section */
		297FE4792BACEA10008F6908 /* Resources */ = {
			isa = PBXResourcesBuildPhase;
			buildActionMask = 2147483647;
			files = (
				297FE48B2BACEA11008F6908 /* Assets.xcassets in Resources */,
				297FE48E2BACEA11008F6908 /* Base in Resources */,
				297FE4862BACEA10008F6908 /* Base in Resources */,
			);
			runOnlyForDeploymentPostprocessing = 0;
		};
/* End PBXResourcesBuildPhase section */

/* Begin PBXSourcesBuildPhase section */
		297FE4772BACEA10008F6908 /* Sources */ = {
			isa = PBXSourcesBuildPhase;
			buildActionMask = 2147483647;
			files = (
				297FE4892BACEA10008F6908 /* testCoreData.xcdatamodeld in Sources */,
				297FE4832BACEA10008F6908 /* ViewController.swift in Sources */,
				297FE47F2BACEA10008F6908 /* AppDelegate.swift in Sources */,
				297FE4972BAD9DD1008F6908 /* ElementoLista+CoreDataClass.swift in Sources */,
				297FE4982BAD9DD1008F6908 /* ElementoLista+CoreDataProperties.swift in Sources */,
				297FE4812BACEA10008F6908 /* SceneDelegate.swift in Sources */,
			);
			runOnlyForDeploymentPostprocessing = 0;
		};
/* End PBXSourcesBuildPhase section */

/* Begin PBXVariantGroup section */
		297FE4842BACEA10008F6908 /* Main.storyboard */ = {
			isa = PBXVariantGroup;
			children = (
				297FE4852BACEA10008F6908 /* Base */,
			);
			name = Main.storyboard;
			sourceTree = "<group>";
		};
		297FE48C2BACEA11008F6908 /* LaunchScreen.storyboard */ = {
			isa = PBXVariantGroup;
			children = (
				297FE48D2BACEA11008F6908 /* Base */,
			);
			name = LaunchScreen.storyboard;
			sourceTree = "<group>";
		};
/* End PBXVariantGroup section */

/* Begin XCBuildConfiguration section */
		297FE4902BACEA11008F6908 /* Debug */ = {
			isa = XCBuildConfiguration;
			buildSettings = {
				ALWAYS_SEARCH_USER_PATHS = NO;
				ASSETCATALOG_COMPILER_GENERATE_SWIFT_ASSET_SYMBOL_EXTENSIONS = YES;
				CLANG_ANALYZER_NONNULL = YES;
				CLANG_ANALYZER_NUMBER_OBJECT_CONVERSION = YES_AGGRESSIVE;
				CLANG_CXX_LANGUAGE_STANDARD = "gnu++20";
				CLANG_ENABLE_MODULES = YES;
				CLANG_ENABLE_OBJC_ARC = YES;
				CLANG_ENABLE_OBJC_WEAK = YES;
				CLANG_WARN_BLOCK_CAPTURE_AUTORELEASING = YES;
				CLANG_WARN_BOOL_CONVERSION = YES;
				CLANG_WARN_COMMA = YES;
				CLANG_WARN_CONSTANT_CONVERSION = YES;
				CLANG_WARN_DEPRECATED_OBJC_IMPLEMENTATIONS = YES;
				CLANG_WARN_DIRECT_OBJC_ISA_USAGE = YES_ERROR;
				CLANG_WARN_DOCUMENTATION_COMMENTS = YES;
				CLANG_WARN_EMPTY_BODY = YES;
				CLANG_WARN_ENUM_CONVERSION = YES;
				CLANG_WARN_INFINITE_RECURSION = YES;
				CLANG_WARN_INT_CONVERSION = YES;
				CLANG_WARN_NON_LITERAL_NULL_CONVERSION = YES;
				CLANG_WARN_OBJC_IMPLICIT_RETAIN_SELF = YES;
				CLANG_WARN_OBJC_LITERAL_CONVERSION = YES;
				CLANG_WARN_OBJC_ROOT_CLASS = YES_ERROR;
				CLANG_WARN_QUOTED_INCLUDE_IN_FRAMEWORK_HEADER = YES;
				CLANG_WARN_RANGE_LOOP_ANALYSIS = YES;
				CLANG_WARN_STRICT_PROTOTYPES = YES;
				CLANG_WARN_SUSPICIOUS_MOVE = YES;
				CLANG_WARN_UNGUARDED_AVAILABILITY = YES_AGGRESSIVE;
				CLANG_WARN_UNREACHABLE_CODE = YES;
				CLANG_WARN__DUPLICATE_METHOD_MATCH = YES;
				COPY_PHASE_STRIP = NO;
				DEBUG_INFORMATION_FORMAT = dwarf;
				ENABLE_STRICT_OBJC_MSGSEND = YES;
				ENABLE_TESTABILITY = YES;
				ENABLE_USER_SCRIPT_SANDBOXING = YES;
				GCC_C_LANGUAGE_STANDARD = gnu17;
				GCC_DYNAMIC_NO_PIC = NO;
				GCC_NO_COMMON_BLOCKS = YES;
				GCC_OPTIMIZATION_LEVEL = 0;
				GCC_PREPROCESSOR_DEFINITIONS = (
					"DEBUG=1",
					"$(inherited)",
				);
				GCC_WARN_64_TO_32_BIT_CONVERSION = YES;
				GCC_WARN_ABOUT_RETURN_TYPE = YES_ERROR;
				GCC_WARN_UNDECLARED_SELECTOR = YES;
				GCC_WARN_UNINITIALIZED_AUTOS = YES_AGGRESSIVE;
				GCC_WARN_UNUSED_FUNCTION = YES;
				GCC_WARN_UNUSED_VARIABLE = YES;
				IPHONEOS_DEPLOYMENT_TARGET = 17.4;
				LOCALIZATION_PREFERS_STRING_CATALOGS = YES;
				MTL_ENABLE_DEBUG_INFO = INCLUDE_SOURCE;
				MTL_FAST_MATH = YES;
				ONLY_ACTIVE_ARCH = YES;
				SDKROOT = iphoneos;
				SWIFT_ACTIVE_COMPILATION_CONDITIONS = "DEBUG $(inherited)";
				SWIFT_OPTIMIZATION_LEVEL = "-Onone";
			};
			name = Debug;
		};
		297FE4912BACEA11008F6908 /* Release */ = {
			isa = XCBuildConfiguration;
			buildSettings = {
				ALWAYS_SEARCH_USER_PATHS = NO;
				ASSETCATALOG_COMPILER_GENERATE_SWIFT_ASSET_SYMBOL_EXTENSIONS = YES;
				CLANG_ANALYZER_NONNULL = YES;
				CLANG_ANALYZER_NUMBER_OBJECT_CONVERSION = YES_AGGRESSIVE;
				CLANG_CXX_LANGUAGE_STANDARD = "gnu++20";
				CLANG_ENABLE_MODULES = YES;
				CLANG_ENABLE_OBJC_ARC = YES;
				CLANG_ENABLE_OBJC_WEAK = YES;
				CLANG_WARN_BLOCK_CAPTURE_AUTORELEASING = YES;
				CLANG_WARN_BOOL_CONVERSION = YES;
				CLANG_WARN_COMMA = YES;
				CLANG_WARN_CONSTANT_CONVERSION = YES;
				CLANG_WARN_DEPRECATED_OBJC_IMPLEMENTATIONS = YES;
				CLANG_WARN_DIRECT_OBJC_ISA_USAGE = YES_ERROR;
				CLANG_WARN_DOCUMENTATION_COMMENTS = YES;
				CLANG_WARN_EMPTY_BODY = YES;
				CLANG_WARN_ENUM_CONVERSION = YES;
				CLANG_WARN_INFINITE_RECURSION = YES;
				CLANG_WARN_INT_CONVERSION = YES;
				CLANG_WARN_NON_LITERAL_NULL_CONVERSION = YES;
				CLANG_WARN_OBJC_IMPLICIT_RETAIN_SELF = YES;
				CLANG_WARN_OBJC_LITERAL_CONVERSION = YES;
				CLANG_WARN_OBJC_ROOT_CLASS = YES_ERROR;
				CLANG_WARN_QUOTED_INCLUDE_IN_FRAMEWORK_HEADER = YES;
				CLANG_WARN_RANGE_LOOP_ANALYSIS = YES;
				CLANG_WARN_STRICT_PROTOTYPES = YES;
				CLANG_WARN_SUSPICIOUS_MOVE = YES;
				CLANG_WARN_UNGUARDED_AVAILABILITY = YES_AGGRESSIVE;
				CLANG_WARN_UNREACHABLE_CODE = YES;
				CLANG_WARN__DUPLICATE_METHOD_MATCH = YES;
				COPY_PHASE_STRIP = NO;
				DEBUG_INFORMATION_FORMAT = "dwarf-with-dsym";
				ENABLE_NS_ASSERTIONS = NO;
				ENABLE_STRICT_OBJC_MSGSEND = YES;
				ENABLE_USER_SCRIPT_SANDBOXING = YES;
				GCC_C_LANGUAGE_STANDARD = gnu17;
				GCC_NO_COMMON_BLOCKS = YES;
				GCC_WARN_64_TO_32_BIT_CONVERSION = YES;
				GCC_WARN_ABOUT_RETURN_TYPE = YES_ERROR;
				GCC_WARN_UNDECLARED_SELECTOR = YES;
				GCC_WARN_UNINITIALIZED_AUTOS = YES_AGGRESSIVE;
				GCC_WARN_UNUSED_FUNCTION = YES;
				GCC_WARN_UNUSED_VARIABLE = YES;
				IPHONEOS_DEPLOYMENT_TARGET = 17.4;
				LOCALIZATION_PREFERS_STRING_CATALOGS = YES;
				MTL_ENABLE_DEBUG_INFO = NO;
				MTL_FAST_MATH = YES;
				SDKROOT = iphoneos;
				SWIFT_COMPILATION_MODE = wholemodule;
				VALIDATE_PRODUCT = YES;
			};
			name = Release;
		};
		297FE4932BACEA11008F6908 /* Debug */ = {
			isa = XCBuildConfiguration;
			buildSettings = {
				ASSETCATALOG_COMPILER_APPICON_NAME = AppIcon;
				ASSETCATALOG_COMPILER_GLOBAL_ACCENT_COLOR_NAME = AccentColor;
				CODE_SIGN_STYLE = Automatic;
				CURRENT_PROJECT_VERSION = 1;
				DEVELOPMENT_TEAM = ZAT3ZA52YY;
				GENERATE_INFOPLIST_FILE = YES;
				INFOPLIST_FILE = testCoreData/Info.plist;
				INFOPLIST_KEY_UIApplicationSupportsIndirectInputEvents = YES;
				INFOPLIST_KEY_UILaunchStoryboardName = LaunchScreen;
				INFOPLIST_KEY_UIMainStoryboardFile = Main;
				INFOPLIST_KEY_UISupportedInterfaceOrientations_iPad = "UIInterfaceOrientationPortrait UIInterfaceOrientationPortraitUpsideDown UIInterfaceOrientationLandscapeLeft UIInterfaceOrientationLandscapeRight";
				INFOPLIST_KEY_UISupportedInterfaceOrientations_iPhone = "UIInterfaceOrientationPortrait UIInterfaceOrientationLandscapeLeft UIInterfaceOrientationLandscapeRight";
				LD_RUNPATH_SEARCH_PATHS = (
					"$(inherited)",
					"@executable_path/Frameworks",
				);
				MARKETING_VERSION = 1.0;
				PRODUCT_BUNDLE_IDENTIFIER = com.villarreal.testCoreData;
				PRODUCT_NAME = "$(TARGET_NAME)";
				SWIFT_EMIT_LOC_STRINGS = YES;
				SWIFT_VERSION = 5.0;
				TARGETED_DEVICE_FAMILY = "1,2";
			};
			name = Debug;
		};
		297FE4942BACEA11008F6908 /* Release */ = {
			isa = XCBuildConfiguration;
			buildSettings = {
				ASSETCATALOG_COMPILER_APPICON_NAME = AppIcon;
				ASSETCATALOG_COMPILER_GLOBAL_ACCENT_COLOR_NAME = AccentColor;
				CODE_SIGN_STYLE = Automatic;
				CURRENT_PROJECT_VERSION = 1;
				DEVELOPMENT_TEAM = ZAT3ZA52YY;
				GENERATE_INFOPLIST_FILE = YES;
				INFOPLIST_FILE = testCoreData/Info.plist;
				INFOPLIST_KEY_UIApplicationSupportsIndirectInputEvents = YES;
				INFOPLIST_KEY_UILaunchStoryboardName = LaunchScreen;
				INFOPLIST_KEY_UIMainStoryboardFile = Main;
				INFOPLIST_KEY_UISupportedInterfaceOrientations_iPad = "UIInterfaceOrientationPortrait UIInterfaceOrientationPortraitUpsideDown UIInterfaceOrientationLandscapeLeft UIInterfaceOrientationLandscapeRight";
				INFOPLIST_KEY_UISupportedInterfaceOrientations_iPhone = "UIInterfaceOrientationPortrait UIInterfaceOrientationLandscapeLeft UIInterfaceOrientationLandscapeRight";
				LD_RUNPATH_SEARCH_PATHS = (
					"$(inherited)",
					"@executable_path/Frameworks",
				);
				MARKETING_VERSION = 1.0;
				PRODUCT_BUNDLE_IDENTIFIER = com.villarreal.testCoreData;
				PRODUCT_NAME = "$(TARGET_NAME)";
				SWIFT_EMIT_LOC_STRINGS = YES;
				SWIFT_VERSION = 5.0;
				TARGETED_DEVICE_FAMILY = "1,2";
			};
			name = Release;
		};
/* End XCBuildConfiguration section */

/* Begin XCConfigurationList section */
		297FE4762BACEA10008F6908 /* Build configuration list for PBXProject "testCoreData" */ = {
			isa = XCConfigurationList;
			buildConfigurations = (
				297FE4902BACEA11008F6908 /* Debug */,
				297FE4912BACEA11008F6908 /* Release */,
			);
			defaultConfigurationIsVisible = 0;
			defaultConfigurationName = Release;
		};
		297FE4922BACEA11008F6908 /* Build configuration list for PBXNativeTarget "testCoreData" */ = {
			isa = XCConfigurationList;
			buildConfigurations = (
				297FE4932BACEA11008F6908 /* Debug */,
				297FE4942BACEA11008F6908 /* Release */,
			);
			defaultConfigurationIsVisible = 0;
			defaultConfigurationName = Release;
		};
/* End XCConfigurationList section */

/* Begin XCVersionGroup section */
		297FE4872BACEA10008F6908 /* testCoreData.xcdatamodeld */ = {
			isa = XCVersionGroup;
			children = (
				297FE4882BACEA10008F6908 /* testCoreData.xcdatamodel */,
			);
			currentVersion = 297FE4882BACEA10008F6908 /* testCoreData.xcdatamodel */;
			path = testCoreData.xcdatamodeld;
			sourceTree = "<group>";
			versionGroupType = wrapper.xcdatamodel;
		};
/* End XCVersionGroup section */
	};
	rootObject = 297FE4732BACEA10008F6908 /* Project object */;
}
